{
  "name": "quantum-os",
  "lockfileVersion": 3,
  "requires": true,
  "packages": {
    "": {
      "name": "quantum-os",
      "dependencies": {
        "runs": "^1.0.1"
      },
      "engines": {
        "node": ">=20"
      }
    },
    "node_modules/runs": {
      "version": "1.0.1",
      "resolved": "https://registry.npmjs.org/runs/-/runs-1.0.1.tgz",
      "integrity": "sha512-ZGUwF9HwtU1gHAAoyiSCdHeksLvJ6UGuKXzATacKWy5aMtfNUbq6UtpCtOqPQzNnNmoLuoJdoSKfi8PBgHTZBw==",
      "license": "MIT"
    }
  }
}
